
Microsoft Visual Studio Solution File, Format Version 12.00
# Visual Studio Version 16
VisualStudioVersion = 16.0.29613.14
MinimumVisualStudioVersion = 10.0.40219.1
Project("{FAE04EC0-301F-11D3-BF4B-00C04F79EFBC}") = "1111", "1111\1111.csproj", "{B2E6E31F-13CF-431D-A95F-859ED6D5C122}"
EndProject
Global
	GlobalSection(SolutionConfigurationPlatforms) = preSolution
		Debug|Any CPU = Debug|Any CPU
		Release|Any CPU = Release|Any CPU
	EndGlobalSection
	GlobalSection(ProjectConfigurationPlatforms) = postSolution
		{B2E6E31F-13CF-431D-A95F-859ED6D5C122}.Debug|Any CPU.ActiveCfg = Debug|Any CPU
		{B2E6E31F-13CF-431D-A95F-859ED6D5C122}.Debug|Any CPU.Build.0 = Debug|Any CPU
		{B2E6E31F-13CF-431D-A95F-859ED6D5C122}.Release|Any CPU.ActiveCfg = Release|Any CPU
		{B2E6E31F-13CF-431D-A95F-859ED6D5C122}.Release|Any CPU.Build.0 = Release|Any CPU
	EndGlobalSection
	GlobalSection(SolutionProperties) = preSolution
		HideSolutionNode = FALSE
	EndGlobalSection
	GlobalSection(ExtensibilityGlobals) = postSolution
		SolutionGuid = {45B86041-C1F9-42CA-AE2D-7F9F78A0AD24}
	EndGlobalSection
EndGlobal
